// !$*UTF8*$!
{
	archiveVersion = 1;
	classes = {
	};
	objectVersion = 50;
	objects = {

/* Begin PBXBuildFile section */
		05725870271484BB0016AC4C /* DataLoader.swift in Sources */ = {isa = PBXBuildFile; fileRef = 0572586F271484BB0016AC4C /* DataLoader.swift */; };
		0581EA522720AAA9002A7399 /* IGButton.swift in Sources */ = {isa = PBXBuildFile; fileRef = 0581EA512720AAA9002A7399 /* IGButton.swift */; };
		0581EA562720AE06002A7399 /* IGTextField.swift in Sources */ = {isa = PBXBuildFile; fileRef = 0581EA552720AE06002A7399 /* IGTextField.swift */; };
		05A876E1270B97C10000A0C7 /* AppDelegate.swift in Sources */ = {isa = PBXBuildFile; fileRef = 05A876E0270B97C10000A0C7 /* AppDelegate.swift */; };
		05A876E3270B97C10000A0C7 /* SceneDelegate.swift in Sources */ = {isa = PBXBuildFile; fileRef = 05A876E2270B97C10000A0C7 /* SceneDelegate.swift */; };
		05A876EA270B97C50000A0C7 /* Assets.xcassets in Resources */ = {isa = PBXBuildFile; fileRef = 05A876E9270B97C50000A0C7 /* Assets.xcassets */; };
		05A876ED270B97C50000A0C7 /* LaunchScreen.storyboard in Resources */ = {isa = PBXBuildFile; fileRef = 05A876EB270B97C50000A0C7 /* LaunchScreen.storyboard */; };
		05A876F9270B98A30000A0C7 /* TodayViewController.swift in Sources */ = {isa = PBXBuildFile; fileRef = 05A876F8270B98A30000A0C7 /* TodayViewController.swift */; };
		05A876FC270B98B90000A0C7 /* DevotionalsViewController.swift in Sources */ = {isa = PBXBuildFile; fileRef = 05A876FB270B98B90000A0C7 /* DevotionalsViewController.swift */; };
		05A876FF270B98CE0000A0C7 /* BookmarksViewController.swift in Sources */ = {isa = PBXBuildFile; fileRef = 05A876FE270B98CE0000A0C7 /* BookmarksViewController.swift */; };
		05A87702270B98E20000A0C7 /* MoreTabViewController.swift in Sources */ = {isa = PBXBuildFile; fileRef = 05A87701270B98E20000A0C7 /* MoreTabViewController.swift */; };
		05A87705270B99980000A0C7 /* dataFile.json in Resources */ = {isa = PBXBuildFile; fileRef = 05A87704270B99980000A0C7 /* dataFile.json */; };
		05BF9090271392AB0073FA0E /* DevotionalsData.swift in Sources */ = {isa = PBXBuildFile; fileRef = 05BF908F271392AB0073FA0E /* DevotionalsData.swift */; };
/* End PBXBuildFile section */

/* Begin PBXFileReference section */
		0572586F271484BB0016AC4C /* DataLoader.swift */ = {isa = PBXFileReference; lastKnownFileType = sourcecode.swift; path = DataLoader.swift; sourceTree = "<group>"; };
		0581EA512720AAA9002A7399 /* IGButton.swift */ = {isa = PBXFileReference; lastKnownFileType = sourcecode.swift; path = IGButton.swift; sourceTree = "<group>"; };
		0581EA552720AE06002A7399 /* IGTextField.swift */ = {isa = PBXFileReference; lastKnownFileType = sourcecode.swift; path = IGTextField.swift; sourceTree = "<group>"; };
		05A876DD270B97C10000A0C7 /* Devotional.app */ = {isa = PBXFileReference; explicitFileType = wrapper.application; includeInIndex = 0; path = Devotional.app; sourceTree = BUILT_PRODUCTS_DIR; };
		05A876E0270B97C10000A0C7 /* AppDelegate.swift */ = {isa = PBXFileReference; lastKnownFileType = sourcecode.swift; path = AppDelegate.swift; sourceTree = "<group>"; };
		05A876E2270B97C10000A0C7 /* SceneDelegate.swift */ = {isa = PBXFileReference; lastKnownFileType = sourcecode.swift; path = SceneDelegate.swift; sourceTree = "<group>"; };
		05A876E9270B97C50000A0C7 /* Assets.xcassets */ = {isa = PBXFileReference; lastKnownFileType = folder.assetcatalog; path = Assets.xcassets; sourceTree = "<group>"; };
		05A876EC270B97C50000A0C7 /* Base */ = {isa = PBXFileReference; lastKnownFileType = file.storyboard; name = Base; path = Base.lproj/LaunchScreen.storyboard; sourceTree = "<group>"; };
		05A876EE270B97C50000A0C7 /* Info.plist */ = {isa = PBXFileReference; lastKnownFileType = text.plist.xml; path = Info.plist; sourceTree = "<group>"; };
		05A876F8270B98A30000A0C7 /* TodayViewController.swift */ = {isa = PBXFileReference; lastKnownFileType = sourcecode.swift; path = TodayViewController.swift; sourceTree = "<group>"; };
		05A876FB270B98B90000A0C7 /* DevotionalsViewController.swift */ = {isa = PBXFileReference; lastKnownFileType = sourcecode.swift; path = DevotionalsViewController.swift; sourceTree = "<group>"; };
		05A876FE270B98CE0000A0C7 /* BookmarksViewController.swift */ = {isa = PBXFileReference; lastKnownFileType = sourcecode.swift; path = BookmarksViewController.swift; sourceTree = "<group>"; };
		05A87701270B98E20000A0C7 /* MoreTabViewController.swift */ = {isa = PBXFileReference; lastKnownFileType = sourcecode.swift; path = MoreTabViewController.swift; sourceTree = "<group>"; };
		05A87704270B99980000A0C7 /* dataFile.json */ = {isa = PBXFileReference; fileEncoding = 4; lastKnownFileType = text.json; path = dataFile.json; sourceTree = "<group>"; };
		05BF908F271392AB0073FA0E /* DevotionalsData.swift */ = {isa = PBXFileReference; lastKnownFileType = sourcecode.swift; path = DevotionalsData.swift; sourceTree = "<group>"; };
/* End PBXFileReference section */

/* Begin PBXFrameworksBuildPhase section */
		05A876DA270B97C10000A0C7 /* Frameworks */ = {
			isa = PBXFrameworksBuildPhase;
			buildActionMask = 2147483647;
			files = (
			);
			runOnlyForDeploymentPostprocessing = 0;
		};
/* End PBXFrameworksBuildPhase section */

/* Begin PBXGroup section */
		05A876D4270B97C10000A0C7 = {
			isa = PBXGroup;
			children = (
				05A876DF270B97C10000A0C7 /* Devotional */,
				05A876DE270B97C10000A0C7 /* Products */,
			);
			sourceTree = "<group>";
		};
		05A876DE270B97C10000A0C7 /* Products */ = {
			isa = PBXGroup;
			children = (
				05A876DD270B97C10000A0C7 /* Devotional.app */,
			);
			name = Products;
			sourceTree = "<group>";
		};
		05A876DF270B97C10000A0C7 /* Devotional */ = {
			isa = PBXGroup;
			children = (
				05A876E0270B97C10000A0C7 /* AppDelegate.swift */,
				05A876E2270B97C10000A0C7 /* SceneDelegate.swift */,
				05A87701270B98E20000A0C7 /* MoreTabViewController.swift */,
				05A876FE270B98CE0000A0C7 /* BookmarksViewController.swift */,
				05A876FB270B98B90000A0C7 /* DevotionalsViewController.swift */,
				05A876F8270B98A30000A0C7 /* TodayViewController.swift */,
				05BF908F271392AB0073FA0E /* DevotionalsData.swift */,
				0572586F271484BB0016AC4C /* DataLoader.swift */,
				0581EA512720AAA9002A7399 /* IGButton.swift */,
				0581EA552720AE06002A7399 /* IGTextField.swift */,
				05A87704270B99980000A0C7 /* dataFile.json */,
				05A876E9270B97C50000A0C7 /* Assets.xcassets */,
				05A876EB270B97C50000A0C7 /* LaunchScreen.storyboard */,
				05A876EE270B97C50000A0C7 /* Info.plist */,
			);
			path = Devotional;
			sourceTree = "<group>";
		};
/* End PBXGroup section */

/* Begin PBXNativeTarget section */
		05A876DC270B97C10000A0C7 /* Devotional */ = {
			isa = PBXNativeTarget;
			buildConfigurationList = 05A876F1270B97C50000A0C7 /* Build configuration list for PBXNativeTarget "Devotional" */;
			buildPhases = (
				05A876D9270B97C10000A0C7 /* Sources */,
				05A876DA270B97C10000A0C7 /* Frameworks */,
				05A876DB270B97C10000A0C7 /* Resources */,
			);
			buildRules = (
			);
			dependencies = (
			);
			name = Devotional;
			productName = Devotional;
			productReference = 05A876DD270B97C10000A0C7 /* Devotional.app */;
			productType = "com.apple.product-type.application";
		};
/* End PBXNativeTarget section */

/* Begin PBXProject section */
		05A876D5270B97C10000A0C7 /* Project object */ = {
			isa = PBXProject;
			attributes = {
				LastSwiftUpdateCheck = 1230;
				LastUpgradeCheck = 1230;
				TargetAttributes = {
					05A876DC270B97C10000A0C7 = {
						CreatedOnToolsVersion = 12.3;
					};
				};
			};
			buildConfigurationList = 05A876D8270B97C10000A0C7 /* Build configuration list for PBXProject "Devotional" */;
			compatibilityVersion = "Xcode 9.3";
			developmentRegion = en;
			hasScannedForEncodings = 0;
			knownRegions = (
				en,
				Base,
			);
			mainGroup = 05A876D4270B97C10000A0C7;
			productRefGroup = 05A876DE270B97C10000A0C7 /* Products */;
			projectDirPath = "";
			projectRoot = "";
			targets = (
				05A876DC270B97C10000A0C7 /* Devotional */,
			);
		};
/* End PBXProject section */

/* Begin PBXResourcesBuildPhase section */
		05A876DB270B97C10000A0C7 /* Resources */ = {
			isa = PBXResourcesBuildPhase;
			buildActionMask = 2147483647;
			files = (
				05A876ED270B97C50000A0C7 /* LaunchScreen.storyboard in Resources */,
				05A87705270B99980000A0C7 /* dataFile.json in Resources */,
				05A876EA270B97C50000A0C7 /* Assets.xcassets in Resources */,
			);
			runOnlyForDeploymentPostprocessing = 0;
		};
/* End PBXResourcesBuildPhase section */

/* Begin PBXSourcesBuildPhase section */
		05A876D9270B97C10000A0C7 /* Sources */ = {
			isa = PBXSourcesBuildPhase;
			buildActionMask = 2147483647;
			files = (
				05A876FF270B98CE0000A0C7 /* BookmarksViewController.swift in Sources */,
				05A87702270B98E20000A0C7 /* MoreTabViewController.swift in Sources */,
				0581EA522720AAA9002A7399 /* IGButton.swift in Sources */,
				05BF9090271392AB0073FA0E /* DevotionalsData.swift in Sources */,
				05A876FC270B98B90000A0C7 /* DevotionalsViewController.swift in Sources */,
				05725870271484BB0016AC4C /* DataLoader.swift in Sources */,
				05A876F9270B98A30000A0C7 /* TodayViewController.swift in Sources */,
				05A876E1270B97C10000A0C7 /* AppDelegate.swift in Sources */,
				05A876E3270B97C10000A0C7 /* SceneDelegate.swift in Sources */,
				0581EA562720AE06002A7399 /* IGTextField.swift in Sources */,
			);
			runOnlyForDeploymentPostprocessing = 0;
		};
/* End PBXSourcesBuildPhase section */

/* Begin PBXVariantGroup section */
		05A876EB270B97C50000A0C7 /* LaunchScreen.storyboard */ = {
			isa = PBXVariantGroup;
			children = (
				05A876EC270B97C50000A0C7 /* Base */,
			);
			name = LaunchScreen.storyboard;
			sourceTree = "<group>";
		};
/* End PBXVariantGroup section */

/* Begin XCBuildConfiguration section */
		05A876EF270B97C50000A0C7 /* Debug */ = {
			isa = XCBuildConfiguration;
			buildSettings = {
				ALWAYS_SEARCH_USER_PATHS = NO;
				CLANG_ANALYZER_NONNULL = YES;
				CLANG_ANALYZER_NUMBER_OBJECT_CONVERSION = YES_AGGRESSIVE;
				CLANG_CXX_LANGUAGE_STANDARD = "gnu++14";
				CLANG_CXX_LIBRARY = "libc++";
				CLANG_ENABLE_MODULES = YES;
				CLANG_ENABLE_OBJC_ARC = YES;
				CLANG_ENABLE_OBJC_WEAK = YES;
				CLANG_WARN_BLOCK_CAPTURE_AUTORELEASING = YES;
				CLANG_WARN_BOOL_CONVERSION = YES;
				CLANG_WARN_COMMA = YES;
				CLANG_WARN_CONSTANT_CONVERSION = YES;
				CLANG_WARN_DEPRECATED_OBJC_IMPLEMENTATIONS = YES;
				CLANG_WARN_DIRECT_OBJC_ISA_USAGE = YES_ERROR;
				CLANG_WARN_DOCUMENTATION_COMMENTS = YES;
				CLANG_WARN_EMPTY_BODY = YES;
				CLANG_WARN_ENUM_CONVERSION = YES;
				CLANG_WARN_INFINITE_RECURSION = YES;
				CLANG_WARN_INT_CONVERSION = YES;
				CLANG_WARN_NON_LITERAL_NULL_CONVERSION = YES;
				CLANG_WARN_OBJC_IMPLICIT_RETAIN_SELF = YES;
				CLANG_WARN_OBJC_LITERAL_CONVERSION = YES;
				CLANG_WARN_OBJC_ROOT_CLASS = YES_ERROR;
				CLANG_WARN_QUOTED_INCLUDE_IN_FRAMEWORK_HEADER = YES;
				CLANG_WARN_RANGE_LOOP_ANALYSIS = YES;
				CLANG_WARN_STRICT_PROTOTYPES = YES;
				CLANG_WARN_SUSPICIOUS_MOVE = YES;
				CLANG_WARN_UNGUARDED_AVAILABILITY = YES_AGGRESSIVE;
				CLANG_WARN_UNREACHABLE_CODE = YES;
				CLANG_WARN__DUPLICATE_METHOD_MATCH = YES;
				COPY_PHASE_STRIP = NO;
				DEBUG_INFORMATION_FORMAT = dwarf;
				ENABLE_STRICT_OBJC_MSGSEND = YES;
				ENABLE_TESTABILITY = YES;
				GCC_C_LANGUAGE_STANDARD = gnu11;
				GCC_DYNAMIC_NO_PIC = NO;
				GCC_NO_COMMON_BLOCKS = YES;
				GCC_OPTIMIZATION_LEVEL = 0;
				GCC_PREPROCESSOR_DEFINITIONS = (
					"DEBUG=1",
					"$(inherited)",
				);
				GCC_WARN_64_TO_32_BIT_CONVERSION = YES;
				GCC_WARN_ABOUT_RETURN_TYPE = YES_ERROR;
				GCC_WARN_UNDECLARED_SELECTOR = YES;
				GCC_WARN_UNINITIALIZED_AUTOS = YES_AGGRESSIVE;
				GCC_WARN_UNUSED_FUNCTION = YES;
				GCC_WARN_UNUSED_VARIABLE = YES;
				IPHONEOS_DEPLOYMENT_TARGET = 15.0;
				MTL_ENABLE_DEBUG_INFO = INCLUDE_SOURCE;
				MTL_FAST_MATH = YES;
				ONLY_ACTIVE_ARCH = YES;
				SDKROOT = iphoneos;
				SWIFT_ACTIVE_COMPILATION_CONDITIONS = DEBUG;
				SWIFT_OPTIMIZATION_LEVEL = "-Onone";
			};
			name = Debug;
		};
		05A876F0270B97C50000A0C7 /* Release */ = {
			isa = XCBuildConfiguration;
			buildSettings = {
				ALWAYS_SEARCH_USER_PATHS = NO;
				CLANG_ANALYZER_NONNULL = YES;
				CLANG_ANALYZER_NUMBER_OBJECT_CONVERSION = YES_AGGRESSIVE;
				CLANG_CXX_LANGUAGE_STANDARD = "gnu++14";
				CLANG_CXX_LIBRARY = "libc++";
				CLANG_ENABLE_MODULES = YES;
				CLANG_ENABLE_OBJC_ARC = YES;
				CLANG_ENABLE_OBJC_WEAK = YES;
				CLANG_WARN_BLOCK_CAPTURE_AUTORELEASING = YES;
				CLANG_WARN_BOOL_CONVERSION = YES;
				CLANG_WARN_COMMA = YES;
				CLANG_WARN_CONSTANT_CONVERSION = YES;
				CLANG_WARN_DEPRECATED_OBJC_IMPLEMENTATIONS = YES;
				CLANG_WARN_DIRECT_OBJC_ISA_USAGE = YES_ERROR;
				CLANG_WARN_DOCUMENTATION_COMMENTS = YES;
				CLANG_WARN_EMPTY_BODY = YES;
				CLANG_WARN_ENUM_CONVERSION = YES;
				CLANG_WARN_INFINITE_RECURSION = YES;
				CLANG_WARN_INT_CONVERSION = YES;
				CLANG_WARN_NON_LITERAL_NULL_CONVERSION = YES;
				CLANG_WARN_OBJC_IMPLICIT_RETAIN_SELF = YES;
				CLANG_WARN_OBJC_LITERAL_CONVERSION = YES;
				CLANG_WARN_OBJC_ROOT_CLASS = YES_ERROR;
				CLANG_WARN_QUOTED_INCLUDE_IN_FRAMEWORK_HEADER = YES;
				CLANG_WARN_RANGE_LOOP_ANALYSIS = YES;
				CLANG_WARN_STRICT_PROTOTYPES = YES;
				CLANG_WARN_SUSPICIOUS_MOVE = YES;
				CLANG_WARN_UNGUARDED_AVAILABILITY = YES_AGGRESSIVE;
				CLANG_WARN_UNREACHABLE_CODE = YES;
				CLANG_WARN__DUPLICATE_METHOD_MATCH = YES;
				COPY_PHASE_STRIP = NO;
				DEBUG_INFORMATION_FORMAT = "dwarf-with-dsym";
				ENABLE_NS_ASSERTIONS = NO;
				ENABLE_STRICT_OBJC_MSGSEND = YES;
				GCC_C_LANGUAGE_STANDARD = gnu11;
				GCC_NO_COMMON_BLOCKS = YES;
				GCC_WARN_64_TO_32_BIT_CONVERSION = YES;
				GCC_WARN_ABOUT_RETURN_TYPE = YES_ERROR;
				GCC_WARN_UNDECLARED_SELECTOR = YES;
				GCC_WARN_UNINITIALIZED_AUTOS = YES_AGGRESSIVE;
				GCC_WARN_UNUSED_FUNCTION = YES;
				GCC_WARN_UNUSED_VARIABLE = YES;
				IPHONEOS_DEPLOYMENT_TARGET = 15.0;
				MTL_ENABLE_DEBUG_INFO = NO;
				MTL_FAST_MATH = YES;
				SDKROOT = iphoneos;
				SWIFT_COMPILATION_MODE = wholemodule;
				SWIFT_OPTIMIZATION_LEVEL = "-O";
				VALIDATE_PRODUCT = YES;
			};
			name = Release;
		};
		05A876F2270B97C50000A0C7 /* Debug */ = {
			isa = XCBuildConfiguration;
			buildSettings = {
				ASSETCATALOG_COMPILER_APPICON_NAME = AppIcon;
				ASSETCATALOG_COMPILER_GLOBAL_ACCENT_COLOR_NAME = AccentColor;
				CODE_SIGN_STYLE = Automatic;
				DEVELOPMENT_TEAM = 8LYJPF7G96;
				INFOPLIST_FILE = Devotional/Info.plist;
				LD_RUNPATH_SEARCH_PATHS = (
					"$(inherited)",
					"@executable_path/Frameworks",
				);
				PRODUCT_BUNDLE_IDENTIFIER = com.tinciti.Devotional;
				PRODUCT_NAME = "$(TARGET_NAME)";
				SWIFT_VERSION = 5.0;
				TARGETED_DEVICE_FAMILY = "1,2";
			};
			name = Debug;
		};
		05A876F3270B97C50000A0C7 /* Release */ = {
			isa = XCBuildConfiguration;
			buildSettings = {
				ASSETCATALOG_COMPILER_APPICON_NAME = AppIcon;
				ASSETCATALOG_COMPILER_GLOBAL_ACCENT_COLOR_NAME = AccentColor;
				CODE_SIGN_STYLE = Automatic;
				DEVELOPMENT_TEAM = 8LYJPF7G96;
				INFOPLIST_FILE = Devotional/Info.plist;
				LD_RUNPATH_SEARCH_PATHS = (
					"$(inherited)",
					"@executable_path/Frameworks",
				);
				PRODUCT_BUNDLE_IDENTIFIER = com.tinciti.Devotional;
				PRODUCT_NAME = "$(TARGET_NAME)";
				SWIFT_VERSION = 5.0;
				TARGETED_DEVICE_FAMILY = "1,2";
			};
			name = Release;
		};
/* End XCBuildConfiguration section */

/* Begin XCConfigurationList section */
		05A876D8270B97C10000A0C7 /* Build configuration list for PBXProject "Devotional" */ = {
			isa = XCConfigurationList;
			buildConfigurations = (
				05A876EF270B97C50000A0C7 /* Debug */,
				05A876F0270B97C50000A0C7 /* Release */,
			);
			defaultConfigurationIsVisible = 0;
			defaultConfigurationName = Release;
		};
		05A876F1270B97C50000A0C7 /* Build configuration list for PBXNativeTarget "Devotional" */ = {
			isa = XCConfigurationList;
			buildConfigurations = (
				05A876F2270B97C50000A0C7 /* Debug */,
				05A876F3270B97C50000A0C7 /* Release */,
			);
			defaultConfigurationIsVisible = 0;
			defaultConfigurationName = Release;
		};
/* End XCConfigurationList section */
	};
	rootObject = 05A876D5270B97C10000A0C7 /* Project object */;
}
